
Microsoft Visual Studio Solution File, Format Version 12.00
# Visual Studio Version 17
VisualStudioVersion = 17.7.34031.279
MinimumVisualStudioVersion = 10.0.40219.1
Project("{FAE04EC0-301F-11D3-BF4B-00C04F79EFBC}") = "ConsoleApp1", "ConsoleApp1\ConsoleApp1.csproj", "{595A7833-DCB5-40DD-A60A-EECEAB5348EC}"
EndProject
Global
	GlobalSection(SolutionConfigurationPlatforms) = preSolution
		Debug|Any CPU = Debug|Any CPU
		Release|Any CPU = Release|Any CPU
	EndGlobalSection
	GlobalSection(ProjectConfigurationPlatforms) = postSolution
		{595A7833-DCB5-40DD-A60A-EECEAB5348EC}.Debug|Any CPU.ActiveCfg = Debug|Any CPU
		{595A7833-DCB5-40DD-A60A-EECEAB5348EC}.Debug|Any CPU.Build.0 = Debug|Any CPU
		{595A7833-DCB5-40DD-A60A-EECEAB5348EC}.Release|Any CPU.ActiveCfg = Release|Any CPU
		{595A7833-DCB5-40DD-A60A-EECEAB5348EC}.Release|Any CPU.Build.0 = Release|Any CPU
	EndGlobalSection
	GlobalSection(SolutionProperties) = preSolution
		HideSolutionNode = FALSE
	EndGlobalSection
	GlobalSection(ExtensibilityGlobals) = postSolution
		SolutionGuid = {9996B4DB-E3DB-448E-B496-68AA9B845E5B}
	EndGlobalSection
EndGlobal
