
Microsoft Visual Studio Solution File, Format Version 12.00
# Visual Studio Version 17
VisualStudioVersion = 17.6.33829.357
MinimumVisualStudioVersion = 10.0.40219.1
Project("{FAE04EC0-301F-11D3-BF4B-00C04F79EFBC}") = "практк", "практк.csproj", "{68057D64-73A2-4306-885A-A3E0C28B3F63}"
EndProject
Global
	GlobalSection(SolutionConfigurationPlatforms) = preSolution
		Debug|Any CPU = Debug|Any CPU
		Release|Any CPU = Release|Any CPU
	EndGlobalSection
	GlobalSection(ProjectConfigurationPlatforms) = postSolution
		{68057D64-73A2-4306-885A-A3E0C28B3F63}.Debug|Any CPU.ActiveCfg = Debug|Any CPU
		{68057D64-73A2-4306-885A-A3E0C28B3F63}.Debug|Any CPU.Build.0 = Debug|Any CPU
		{68057D64-73A2-4306-885A-A3E0C28B3F63}.Release|Any CPU.ActiveCfg = Release|Any CPU
		{68057D64-73A2-4306-885A-A3E0C28B3F63}.Release|Any CPU.Build.0 = Release|Any CPU
	EndGlobalSection
	GlobalSection(SolutionProperties) = preSolution
		HideSolutionNode = FALSE
	EndGlobalSection
	GlobalSection(ExtensibilityGlobals) = postSolution
		SolutionGuid = {BB567DE0-E37C-4E01-B3D9-857256ED4002}
	EndGlobalSection
EndGlobal
